
Microsoft Visual Studio Solution File, Format Version 12.00
# Visual Studio 15
VisualStudioVersion = 15.0.27703.2035
MinimumVisualStudioVersion = 10.0.40219.1
Project("{FAE04EC0-301F-11D3-BF4B-00C04F79EFBC}") = "MVC3", "MVC3\MVC3.csproj", "{ACFA585D-738B-4EC6-AC37-A5F3C9FBD75D}"
EndProject
Project("{FAE04EC0-301F-11D3-BF4B-00C04F79EFBC}") = "Settings", "Settings\Settings.csproj", "{6EFA9D64-21D3-4A9F-910A-A789CF7A35E7}"
EndProject
Project("{FAE04EC0-301F-11D3-BF4B-00C04F79EFBC}") = "WebApplication1", "WebApplication1\WebApplication1.csproj", "{6F8B6C6D-3C1C-4777-A903-5FADA6670E0A}"
EndProject
Project("{FAE04EC0-301F-11D3-BF4B-00C04F79EFBC}") = "WebApplication2", "WebApplication2\WebApplication2.csproj", "{325C9B5B-D726-4701-9666-C405240562F3}"
EndProject
Project("{FAE04EC0-301F-11D3-BF4B-00C04F79EFBC}") = "Utility", "Utility\Utility.csproj", "{390B022D-1369-406C-BA91-F6139B085333}"
EndProject
Global
	GlobalSection(SolutionConfigurationPlatforms) = preSolution
		Debug|Any CPU = Debug|Any CPU
		Release|Any CPU = Release|Any CPU
	EndGlobalSection
	GlobalSection(ProjectConfigurationPlatforms) = postSolution
		{ACFA585D-738B-4EC6-AC37-A5F3C9FBD75D}.Debug|Any CPU.ActiveCfg = Debug|Any CPU
		{ACFA585D-738B-4EC6-AC37-A5F3C9FBD75D}.Debug|Any CPU.Build.0 = Debug|Any CPU
		{ACFA585D-738B-4EC6-AC37-A5F3C9FBD75D}.Release|Any CPU.ActiveCfg = Release|Any CPU
		{ACFA585D-738B-4EC6-AC37-A5F3C9FBD75D}.Release|Any CPU.Build.0 = Release|Any CPU
		{6EFA9D64-21D3-4A9F-910A-A789CF7A35E7}.Debug|Any CPU.ActiveCfg = Debug|Any CPU
		{6EFA9D64-21D3-4A9F-910A-A789CF7A35E7}.Debug|Any CPU.Build.0 = Debug|Any CPU
		{6EFA9D64-21D3-4A9F-910A-A789CF7A35E7}.Release|Any CPU.ActiveCfg = Release|Any CPU
		{6EFA9D64-21D3-4A9F-910A-A789CF7A35E7}.Release|Any CPU.Build.0 = Release|Any CPU
		{6F8B6C6D-3C1C-4777-A903-5FADA6670E0A}.Debug|Any CPU.ActiveCfg = Debug|Any CPU
		{6F8B6C6D-3C1C-4777-A903-5FADA6670E0A}.Debug|Any CPU.Build.0 = Debug|Any CPU
		{6F8B6C6D-3C1C-4777-A903-5FADA6670E0A}.Release|Any CPU.ActiveCfg = Release|Any CPU
		{6F8B6C6D-3C1C-4777-A903-5FADA6670E0A}.Release|Any CPU.Build.0 = Release|Any CPU
		{325C9B5B-D726-4701-9666-C405240562F3}.Debug|Any CPU.ActiveCfg = Debug|Any CPU
		{325C9B5B-D726-4701-9666-C405240562F3}.Debug|Any CPU.Build.0 = Debug|Any CPU
		{325C9B5B-D726-4701-9666-C405240562F3}.Release|Any CPU.ActiveCfg = Release|Any CPU
		{325C9B5B-D726-4701-9666-C405240562F3}.Release|Any CPU.Build.0 = Release|Any CPU
		{390B022D-1369-406C-BA91-F6139B085333}.Debug|Any CPU.ActiveCfg = Debug|Any CPU
		{390B022D-1369-406C-BA91-F6139B085333}.Debug|Any CPU.Build.0 = Debug|Any CPU
		{390B022D-1369-406C-BA91-F6139B085333}.Release|Any CPU.ActiveCfg = Release|Any CPU
		{390B022D-1369-406C-BA91-F6139B085333}.Release|Any CPU.Build.0 = Release|Any CPU
	EndGlobalSection
	GlobalSection(SolutionProperties) = preSolution
		HideSolutionNode = FALSE
	EndGlobalSection
	GlobalSection(ExtensibilityGlobals) = postSolution
		SolutionGuid = {BEA95CF5-8FE7-496F-969A-9BC4CA03413F}
	EndGlobalSection
EndGlobal
